
Microsoft Visual Studio Solution File, Format Version 12.00
# Visual Studio Version 17
VisualStudioVersion = 17.5.002.0
MinimumVisualStudioVersion = 10.0.40219.1
Project("{9A19103F-16F7-4668-BE54-9A1E7A4F7556}") = "MeetingApp", "MeetingApp.csproj", "{0C29B9D2-AB9C-46B5-B776-03685275C1FB}"
EndProject
Global
	GlobalSection(SolutionConfigurationPlatforms) = preSolution
		Debug|Any CPU = Debug|Any CPU
		Release|Any CPU = Release|Any CPU
	EndGlobalSection
	GlobalSection(ProjectConfigurationPlatforms) = postSolution
		{0C29B9D2-AB9C-46B5-B776-03685275C1FB}.Debug|Any CPU.ActiveCfg = Debug|Any CPU
		{0C29B9D2-AB9C-46B5-B776-03685275C1FB}.Debug|Any CPU.Build.0 = Debug|Any CPU
		{0C29B9D2-AB9C-46B5-B776-03685275C1FB}.Release|Any CPU.ActiveCfg = Release|Any CPU
		{0C29B9D2-AB9C-46B5-B776-03685275C1FB}.Release|Any CPU.Build.0 = Release|Any CPU
	EndGlobalSection
	GlobalSection(SolutionProperties) = preSolution
		HideSolutionNode = FALSE
	EndGlobalSection
	GlobalSection(ExtensibilityGlobals) = postSolution
		SolutionGuid = {7E614ADB-02A8-453A-A097-6EDF83B80A66}
	EndGlobalSection
EndGlobal
